
Microsoft Visual Studio Solution File, Format Version 12.00
# Visual Studio Version 17
VisualStudioVersion = 17.14.37710.0 d17.14
MinimumVisualStudioVersion = 10.0.40219.1
Project("{888888A0-9F3D-457C-B088-3A5042F75D52}") = "Labo_3", "Labo_3.pyproj", "{10FC5829-43CD-4B8F-BCB1-D31CA0663FE7}"
EndProject
Global
	GlobalSection(SolutionConfigurationPlatforms) = preSolution
		Debug|Any CPU = Debug|Any CPU
		Release|Any CPU = Release|Any CPU
	EndGlobalSection
	GlobalSection(ProjectConfigurationPlatforms) = postSolution
		{10FC5829-43CD-4B8F-BCB1-D31CA0663FE7}.Debug|Any CPU.ActiveCfg = Debug|Any CPU
		{10FC5829-43CD-4B8F-BCB1-D31CA0663FE7}.Release|Any CPU.ActiveCfg = Release|Any CPU
	EndGlobalSection
	GlobalSection(SolutionProperties) = preSolution
		HideSolutionNode = FALSE
	EndGlobalSection
	GlobalSection(ExtensibilityGlobals) = postSolution
		SolutionGuid = {866283D6-1E43-4D01-B490-07857469891D}
	EndGlobalSection
EndGlobal
